
Microsoft Visual Studio Solution File, Format Version 12.00
# Visual Studio Version 16
VisualStudioVersion = 16.0.29613.14
MinimumVisualStudioVersion = 10.0.40219.1
Project("{9A19103F-16F7-4668-BE54-9A1E7A4F7556}") = "PlayFootballApp.WWW", "PlayFootballApp\PlayFootballApp.WWW.csproj", "{4CB18B83-F3DD-4D8E-86DE-B9B2E6A9E0CC}"
EndProject
Project("{9A19103F-16F7-4668-BE54-9A1E7A4F7556}") = "PlayFootballApp.DataAccess", "PlayFootballApp.Infrastructure\PlayFootballApp.DataAccess.csproj", "{77D8FDA7-48F5-4E97-921C-790E34ACA1DC}"
EndProject
Project("{9A19103F-16F7-4668-BE54-9A1E7A4F7556}") = "PlayFootballApp.BusinessLogic", "PlayFootballApp.BusinessLogic\PlayFootballApp.BusinessLogic.csproj", "{DFE964DF-4503-459E-AF14-F560DCCC0585}"
EndProject
Project("{9A19103F-16F7-4668-BE54-9A1E7A4F7556}") = "PlayFootballApp.BuisnessEntities", "PlayFootballApp.BuisnessEntities\PlayFootballApp.BuisnessEntities.csproj", "{C09118A5-E809-4B56-B56D-46EEE2D542D2}"
EndProject
Global
	GlobalSection(SolutionConfigurationPlatforms) = preSolution
		Debug|Any CPU = Debug|Any CPU
		Release|Any CPU = Release|Any CPU
	EndGlobalSection
	GlobalSection(ProjectConfigurationPlatforms) = postSolution
		{4CB18B83-F3DD-4D8E-86DE-B9B2E6A9E0CC}.Debug|Any CPU.ActiveCfg = Debug|Any CPU
		{4CB18B83-F3DD-4D8E-86DE-B9B2E6A9E0CC}.Debug|Any CPU.Build.0 = Debug|Any CPU
		{4CB18B83-F3DD-4D8E-86DE-B9B2E6A9E0CC}.Release|Any CPU.ActiveCfg = Release|Any CPU
		{4CB18B83-F3DD-4D8E-86DE-B9B2E6A9E0CC}.Release|Any CPU.Build.0 = Release|Any CPU
		{77D8FDA7-48F5-4E97-921C-790E34ACA1DC}.Debug|Any CPU.ActiveCfg = Debug|Any CPU
		{77D8FDA7-48F5-4E97-921C-790E34ACA1DC}.Debug|Any CPU.Build.0 = Debug|Any CPU
		{77D8FDA7-48F5-4E97-921C-790E34ACA1DC}.Release|Any CPU.ActiveCfg = Release|Any CPU
		{77D8FDA7-48F5-4E97-921C-790E34ACA1DC}.Release|Any CPU.Build.0 = Release|Any CPU
		{DFE964DF-4503-459E-AF14-F560DCCC0585}.Debug|Any CPU.ActiveCfg = Debug|Any CPU
		{DFE964DF-4503-459E-AF14-F560DCCC0585}.Debug|Any CPU.Build.0 = Debug|Any CPU
		{DFE964DF-4503-459E-AF14-F560DCCC0585}.Release|Any CPU.ActiveCfg = Release|Any CPU
		{DFE964DF-4503-459E-AF14-F560DCCC0585}.Release|Any CPU.Build.0 = Release|Any CPU
		{C09118A5-E809-4B56-B56D-46EEE2D542D2}.Debug|Any CPU.ActiveCfg = Debug|Any CPU
		{C09118A5-E809-4B56-B56D-46EEE2D542D2}.Debug|Any CPU.Build.0 = Debug|Any CPU
		{C09118A5-E809-4B56-B56D-46EEE2D542D2}.Release|Any CPU.ActiveCfg = Release|Any CPU
		{C09118A5-E809-4B56-B56D-46EEE2D542D2}.Release|Any CPU.Build.0 = Release|Any CPU
	EndGlobalSection
	GlobalSection(SolutionProperties) = preSolution
		HideSolutionNode = FALSE
	EndGlobalSection
	GlobalSection(ExtensibilityGlobals) = postSolution
		SolutionGuid = {349142D4-D023-4526-A3A5-A3C69231F331}
	EndGlobalSection
EndGlobal
