
Microsoft Visual Studio Solution File, Format Version 12.00
# Visual Studio 15
VisualStudioVersion = 15.0.28307.902
MinimumVisualStudioVersion = 10.0.40219.1
Project("{FAE04EC0-301F-11D3-BF4B-00C04F79EFBC}") = "PlayFootballApp", "PlayFootballApp\PlayFootballApp.csproj", "{4CB18B83-F3DD-4D8E-86DE-B9B2E6A9E0CC}"
EndProject
Global
	GlobalSection(SolutionConfigurationPlatforms) = preSolution
		Debug|Any CPU = Debug|Any CPU
		Release|Any CPU = Release|Any CPU
	EndGlobalSection
	GlobalSection(ProjectConfigurationPlatforms) = postSolution
		{4CB18B83-F3DD-4D8E-86DE-B9B2E6A9E0CC}.Debug|Any CPU.ActiveCfg = Debug|Any CPU
		{4CB18B83-F3DD-4D8E-86DE-B9B2E6A9E0CC}.Debug|Any CPU.Build.0 = Debug|Any CPU
		{4CB18B83-F3DD-4D8E-86DE-B9B2E6A9E0CC}.Release|Any CPU.ActiveCfg = Release|Any CPU
		{4CB18B83-F3DD-4D8E-86DE-B9B2E6A9E0CC}.Release|Any CPU.Build.0 = Release|Any CPU
	EndGlobalSection
	GlobalSection(SolutionProperties) = preSolution
		HideSolutionNode = FALSE
	EndGlobalSection
	GlobalSection(ExtensibilityGlobals) = postSolution
		SolutionGuid = {349142D4-D023-4526-A3A5-A3C69231F331}
	EndGlobalSection
EndGlobal
